
Microsoft Visual Studio Solution File, Format Version 12.00
Project("{2150E333-8FDC-42A3-9474-1A3956D46DE8}") = "Core", "Core", "{C6389644-857D-4042-9F62-C5BAF2E33FF5}"
EndProject
Project("{2150E333-8FDC-42A3-9474-1A3956D46DE8}") = "Presentation", "Presentation", "{F125B0B4-B527-4F50-95F3-D7752FE9152A}"
EndProject
Project("{2150E333-8FDC-42A3-9474-1A3956D46DE8}") = "Infrastructure", "Infrastructure", "{A9C46733-75A7-4304-B03D-DD375B2410F9}"
EndProject
Project("{FAE04EC0-301F-11D3-BF4B-00C04F79EFBC}") = "ToNinetyOne.WebApi", "ToNinetyOne.WebApi\ToNinetyOne.WebApi.csproj", "{8FA8D91B-0EB2-4726-B736-12BD5358EF9F}"
EndProject
Project("{2150E333-8FDC-42A3-9474-1A3956D46DE8}") = "Identity", "Identity", "{F0995C86-E008-4DD6-823A-250C23D95DE5}"
EndProject
Project("{2150E333-8FDC-42A3-9474-1A3956D46DE8}") = "Application", "Application", "{81956F70-DB87-42BF-AD45-896B340A971C}"
EndProject
Project("{FAE04EC0-301F-11D3-BF4B-00C04F79EFBC}") = "ToNinetyOne.IdentityDomain", "ToNinetyOne.IdentityDomain\ToNinetyOne.IdentityDomain.csproj", "{2452B8DF-A614-493E-BF4B-E7B9E9E9F102}"
EndProject
Project("{FAE04EC0-301F-11D3-BF4B-00C04F79EFBC}") = "ToNinetyOne.Identity", "ToNinetyOne.Identity\ToNinetyOne.Identity.csproj", "{3088780D-6DCB-4BE9-B177-1A2836349205}"
EndProject
Project("{FAE04EC0-301F-11D3-BF4B-00C04F79EFBC}") = "ToNinetyOne.Domain", "ToNinetyOne.Domain\ToNinetyOne.Domain.csproj", "{FC50D4EF-DFDB-4500-B20A-5DC442CA5FCF}"
EndProject
Project("{FAE04EC0-301F-11D3-BF4B-00C04F79EFBC}") = "ToNinetyOne.Application", "ToNinetyOne.Application\ToNinetyOne.Application.csproj", "{BDF66FEF-2543-48E8-B4BF-E6976E46B410}"
EndProject
Project("{FAE04EC0-301F-11D3-BF4B-00C04F79EFBC}") = "ToNinetyOne.Persistence", "ToNinetyOne.Persistence\ToNinetyOne.Persistence.csproj", "{1D535EAD-E232-41F4-BA34-D5E0D195FB6A}"
EndProject
Project("{FAE04EC0-301F-11D3-BF4B-00C04F79EFBC}") = "ToNinetyOne.IdentityPersistence", "ToNinetyOne.IdentityPersistence\ToNinetyOne.IdentityPersistence.csproj", "{EF2526F3-44CA-4D47-ABE4-CC071F8CE821}"
EndProject
Project("{FAE04EC0-301F-11D3-BF4B-00C04F79EFBC}") = "ToNinetyOne.Config", "ToNinetyOne.Config\ToNinetyOne.Config.csproj", "{EDB20CEA-4CCF-4A12-8A57-F4CBF8CF64B5}"
EndProject
Project("{FAE04EC0-301F-11D3-BF4B-00C04F79EFBC}") = "ToNinetyOne.Utils", "ToNinetyOne.Utils\ToNinetyOne.Utils.csproj", "{ED588753-FD28-4296-8E1B-F1C2DC6A9479}"
EndProject
Global
	GlobalSection(SolutionConfigurationPlatforms) = preSolution
		Debug|Any CPU = Debug|Any CPU
		Release|Any CPU = Release|Any CPU
	EndGlobalSection
	GlobalSection(NestedProjects) = preSolution
		{8FA8D91B-0EB2-4726-B736-12BD5358EF9F} = {F125B0B4-B527-4F50-95F3-D7752FE9152A}
		{F0995C86-E008-4DD6-823A-250C23D95DE5} = {C6389644-857D-4042-9F62-C5BAF2E33FF5}
		{81956F70-DB87-42BF-AD45-896B340A971C} = {C6389644-857D-4042-9F62-C5BAF2E33FF5}
		{2452B8DF-A614-493E-BF4B-E7B9E9E9F102} = {F0995C86-E008-4DD6-823A-250C23D95DE5}
		{3088780D-6DCB-4BE9-B177-1A2836349205} = {F0995C86-E008-4DD6-823A-250C23D95DE5}
		{FC50D4EF-DFDB-4500-B20A-5DC442CA5FCF} = {81956F70-DB87-42BF-AD45-896B340A971C}
		{BDF66FEF-2543-48E8-B4BF-E6976E46B410} = {81956F70-DB87-42BF-AD45-896B340A971C}
		{1D535EAD-E232-41F4-BA34-D5E0D195FB6A} = {A9C46733-75A7-4304-B03D-DD375B2410F9}
		{EF2526F3-44CA-4D47-ABE4-CC071F8CE821} = {A9C46733-75A7-4304-B03D-DD375B2410F9}
		{EDB20CEA-4CCF-4A12-8A57-F4CBF8CF64B5} = {C6389644-857D-4042-9F62-C5BAF2E33FF5}
		{ED588753-FD28-4296-8E1B-F1C2DC6A9479} = {C6389644-857D-4042-9F62-C5BAF2E33FF5}
	EndGlobalSection
	GlobalSection(ProjectConfigurationPlatforms) = postSolution
		{8FA8D91B-0EB2-4726-B736-12BD5358EF9F}.Debug|Any CPU.ActiveCfg = Debug|Any CPU
		{8FA8D91B-0EB2-4726-B736-12BD5358EF9F}.Debug|Any CPU.Build.0 = Debug|Any CPU
		{8FA8D91B-0EB2-4726-B736-12BD5358EF9F}.Release|Any CPU.ActiveCfg = Release|Any CPU
		{8FA8D91B-0EB2-4726-B736-12BD5358EF9F}.Release|Any CPU.Build.0 = Release|Any CPU
		{2452B8DF-A614-493E-BF4B-E7B9E9E9F102}.Debug|Any CPU.ActiveCfg = Debug|Any CPU
		{2452B8DF-A614-493E-BF4B-E7B9E9E9F102}.Debug|Any CPU.Build.0 = Debug|Any CPU
		{2452B8DF-A614-493E-BF4B-E7B9E9E9F102}.Release|Any CPU.ActiveCfg = Release|Any CPU
		{2452B8DF-A614-493E-BF4B-E7B9E9E9F102}.Release|Any CPU.Build.0 = Release|Any CPU
		{3088780D-6DCB-4BE9-B177-1A2836349205}.Debug|Any CPU.ActiveCfg = Debug|Any CPU
		{3088780D-6DCB-4BE9-B177-1A2836349205}.Debug|Any CPU.Build.0 = Debug|Any CPU
		{3088780D-6DCB-4BE9-B177-1A2836349205}.Release|Any CPU.ActiveCfg = Release|Any CPU
		{3088780D-6DCB-4BE9-B177-1A2836349205}.Release|Any CPU.Build.0 = Release|Any CPU
		{FC50D4EF-DFDB-4500-B20A-5DC442CA5FCF}.Debug|Any CPU.ActiveCfg = Debug|Any CPU
		{FC50D4EF-DFDB-4500-B20A-5DC442CA5FCF}.Debug|Any CPU.Build.0 = Debug|Any CPU
		{FC50D4EF-DFDB-4500-B20A-5DC442CA5FCF}.Release|Any CPU.ActiveCfg = Release|Any CPU
		{FC50D4EF-DFDB-4500-B20A-5DC442CA5FCF}.Release|Any CPU.Build.0 = Release|Any CPU
		{BDF66FEF-2543-48E8-B4BF-E6976E46B410}.Debug|Any CPU.ActiveCfg = Debug|Any CPU
		{BDF66FEF-2543-48E8-B4BF-E6976E46B410}.Debug|Any CPU.Build.0 = Debug|Any CPU
		{BDF66FEF-2543-48E8-B4BF-E6976E46B410}.Release|Any CPU.ActiveCfg = Release|Any CPU
		{BDF66FEF-2543-48E8-B4BF-E6976E46B410}.Release|Any CPU.Build.0 = Release|Any CPU
		{1D535EAD-E232-41F4-BA34-D5E0D195FB6A}.Debug|Any CPU.ActiveCfg = Debug|Any CPU
		{1D535EAD-E232-41F4-BA34-D5E0D195FB6A}.Debug|Any CPU.Build.0 = Debug|Any CPU
		{1D535EAD-E232-41F4-BA34-D5E0D195FB6A}.Release|Any CPU.ActiveCfg = Release|Any CPU
		{1D535EAD-E232-41F4-BA34-D5E0D195FB6A}.Release|Any CPU.Build.0 = Release|Any CPU
		{EF2526F3-44CA-4D47-ABE4-CC071F8CE821}.Debug|Any CPU.ActiveCfg = Debug|Any CPU
		{EF2526F3-44CA-4D47-ABE4-CC071F8CE821}.Debug|Any CPU.Build.0 = Debug|Any CPU
		{EF2526F3-44CA-4D47-ABE4-CC071F8CE821}.Release|Any CPU.ActiveCfg = Release|Any CPU
		{EF2526F3-44CA-4D47-ABE4-CC071F8CE821}.Release|Any CPU.Build.0 = Release|Any CPU
		{EDB20CEA-4CCF-4A12-8A57-F4CBF8CF64B5}.Debug|Any CPU.ActiveCfg = Debug|Any CPU
		{EDB20CEA-4CCF-4A12-8A57-F4CBF8CF64B5}.Debug|Any CPU.Build.0 = Debug|Any CPU
		{EDB20CEA-4CCF-4A12-8A57-F4CBF8CF64B5}.Release|Any CPU.ActiveCfg = Release|Any CPU
		{EDB20CEA-4CCF-4A12-8A57-F4CBF8CF64B5}.Release|Any CPU.Build.0 = Release|Any CPU
		{ED588753-FD28-4296-8E1B-F1C2DC6A9479}.Debug|Any CPU.ActiveCfg = Debug|Any CPU
		{ED588753-FD28-4296-8E1B-F1C2DC6A9479}.Debug|Any CPU.Build.0 = Debug|Any CPU
		{ED588753-FD28-4296-8E1B-F1C2DC6A9479}.Release|Any CPU.ActiveCfg = Release|Any CPU
		{ED588753-FD28-4296-8E1B-F1C2DC6A9479}.Release|Any CPU.Build.0 = Release|Any CPU
	EndGlobalSection
EndGlobal
